// !$*UTF8*$!
{
	archiveVersion = 1;
	classes = {
	};
	objectVersion = 46;
	objects = {

/* Begin PBXBuildFile section */
		F1114E641EA8907B00E0DDD0 /* AppDelegate.swift in Sources */ = {isa = PBXBuildFile; fileRef = F1114E631EA8907B00E0DDD0 /* AppDelegate.swift */; };
		F1114E661EA8907B00E0DDD0 /* ViewController.swift in Sources */ = {isa = PBXBuildFile; fileRef = F1114E651EA8907B00E0DDD0 /* ViewController.swift */; };
		F1114E691EA8907B00E0DDD0 /* Main.storyboard in Resources */ = {isa = PBXBuildFile; fileRef = F1114E671EA8907B00E0DDD0 /* Main.storyboard */; };
		F1114E6B1EA8907B00E0DDD0 /* Assets.xcassets in Resources */ = {isa = PBXBuildFile; fileRef = F1114E6A1EA8907B00E0DDD0 /* Assets.xcassets */; };
		F1114E6E1EA8907B00E0DDD0 /* LaunchScreen.storyboard in Resources */ = {isa = PBXBuildFile; fileRef = F1114E6C1EA8907B00E0DDD0 /* LaunchScreen.storyboard */; };
		F1114E791EA8907C00E0DDD0 /* ScratchScrollTests.swift in Sources */ = {isa = PBXBuildFile; fileRef = F1114E781EA8907C00E0DDD0 /* ScratchScrollTests.swift */; };
/* End PBXBuildFile section */

/* Begin PBXContainerItemProxy section */
		F1114E751EA8907C00E0DDD0 /* PBXContainerItemProxy */ = {
			isa = PBXContainerItemProxy;
			containerPortal = F1114E581EA8907B00E0DDD0 /* Project object */;
			proxyType = 1;
			remoteGlobalIDString = F1114E5F1EA8907B00E0DDD0;
			remoteInfo = ScratchScroll;
		};
/* End PBXContainerItemProxy section */

/* Begin PBXFileReference section */
		F1114E601EA8907B00E0DDD0 /* ScratchScroll.app */ = {isa = PBXFileReference; explicitFileType = wrapper.application; includeInIndex = 0; path = ScratchScroll.app; sourceTree = BUILT_PRODUCTS_DIR; };
		F1114E631EA8907B00E0DDD0 /* AppDelegate.swift */ = {isa = PBXFileReference; lastKnownFileType = sourcecode.swift; path = AppDelegate.swift; sourceTree = "<group>"; };
		F1114E651EA8907B00E0DDD0 /* ViewController.swift */ = {isa = PBXFileReference; lastKnownFileType = sourcecode.swift; path = ViewController.swift; sourceTree = "<group>"; };
		F1114E681EA8907B00E0DDD0 /* Base */ = {isa = PBXFileReference; lastKnownFileType = file.storyboard; name = Base; path = Base.lproj/Main.storyboard; sourceTree = "<group>"; };
		F1114E6A1EA8907B00E0DDD0 /* Assets.xcassets */ = {isa = PBXFileReference; lastKnownFileType = folder.assetcatalog; path = Assets.xcassets; sourceTree = "<group>"; };
		F1114E6D1EA8907B00E0DDD0 /* Base */ = {isa = PBXFileReference; lastKnownFileType = file.storyboard; name = Base; path = Base.lproj/LaunchScreen.storyboard; sourceTree = "<group>"; };
		F1114E6F1EA8907B00E0DDD0 /* Info.plist */ = {isa = PBXFileReference; lastKnownFileType = text.plist.xml; path = Info.plist; sourceTree = "<group>"; };
		F1114E741EA8907C00E0DDD0 /* ScratchScrollTests.xctest */ = {isa = PBXFileReference; explicitFileType = wrapper.cfbundle; includeInIndex = 0; path = ScratchScrollTests.xctest; sourceTree = BUILT_PRODUCTS_DIR; };
		F1114E781EA8907C00E0DDD0 /* ScratchScrollTests.swift */ = {isa = PBXFileReference; lastKnownFileType = sourcecode.swift; path = ScratchScrollTests.swift; sourceTree = "<group>"; };
		F1114E7A1EA8907C00E0DDD0 /* Info.plist */ = {isa = PBXFileReference; lastKnownFileType = text.plist.xml; path = Info.plist; sourceTree = "<group>"; };
/* End PBXFileReference section */

/* Begin PBXFrameworksBuildPhase section */
		F1114E5D1EA8907B00E0DDD0 /* Frameworks */ = {
			isa = PBXFrameworksBuildPhase;
			buildActionMask = 2147483647;
			files = (
			);
			runOnlyForDeploymentPostprocessing = 0;
		};
		F1114E711EA8907C00E0DDD0 /* Frameworks */ = {
			isa = PBXFrameworksBuildPhase;
			buildActionMask = 2147483647;
			files = (
			);
			runOnlyForDeploymentPostprocessing = 0;
		};
/* End PBXFrameworksBuildPhase section */

/* Begin PBXGroup section */
		F1114E571EA8907B00E0DDD0 = {
			isa = PBXGroup;
			children = (
				F1114E621EA8907B00E0DDD0 /* ScratchScroll */,
				F1114E771EA8907C00E0DDD0 /* ScratchScrollTests */,
				F1114E611EA8907B00E0DDD0 /* Products */,
			);
			sourceTree = "<group>";
		};
		F1114E611EA8907B00E0DDD0 /* Products */ = {
			isa = PBXGroup;
			children = (
				F1114E601EA8907B00E0DDD0 /* ScratchScroll.app */,
				F1114E741EA8907C00E0DDD0 /* ScratchScrollTests.xctest */,
			);
			name = Products;
			sourceTree = "<group>";
		};
		F1114E621EA8907B00E0DDD0 /* ScratchScroll */ = {
			isa = PBXGroup;
			children = (
				F1114E631EA8907B00E0DDD0 /* AppDelegate.swift */,
				F1114E651EA8907B00E0DDD0 /* ViewController.swift */,
				F1114E671EA8907B00E0DDD0 /* Main.storyboard */,
				F1114E6A1EA8907B00E0DDD0 /* Assets.xcassets */,
				F1114E6C1EA8907B00E0DDD0 /* LaunchScreen.storyboard */,
				F1114E6F1EA8907B00E0DDD0 /* Info.plist */,
			);
			path = ScratchScroll;
			sourceTree = "<group>";
		};
		F1114E771EA8907C00E0DDD0 /* ScratchScrollTests */ = {
			isa = PBXGroup;
			children = (
				F1114E781EA8907C00E0DDD0 /* ScratchScrollTests.swift */,
				F1114E7A1EA8907C00E0DDD0 /* Info.plist */,
			);
			path = ScratchScrollTests;
			sourceTree = "<group>";
		};
/* End PBXGroup section */

/* Begin PBXNativeTarget section */
		F1114E5F1EA8907B00E0DDD0 /* ScratchScroll */ = {
			isa = PBXNativeTarget;
			buildConfigurationList = F1114E7D1EA8907C00E0DDD0 /* Build configuration list for PBXNativeTarget "ScratchScroll" */;
			buildPhases = (
				F1114E5C1EA8907B00E0DDD0 /* Sources */,
				F1114E5D1EA8907B00E0DDD0 /* Frameworks */,
				F1114E5E1EA8907B00E0DDD0 /* Resources */,
			);
			buildRules = (
			);
			dependencies = (
			);
			name = ScratchScroll;
			productName = ScratchScroll;
			productReference = F1114E601EA8907B00E0DDD0 /* ScratchScroll.app */;
			productType = "com.apple.product-type.application";
		};
		F1114E731EA8907C00E0DDD0 /* ScratchScrollTests */ = {
			isa = PBXNativeTarget;
			buildConfigurationList = F1114E801EA8907C00E0DDD0 /* Build configuration list for PBXNativeTarget "ScratchScrollTests" */;
			buildPhases = (
				F1114E701EA8907C00E0DDD0 /* Sources */,
				F1114E711EA8907C00E0DDD0 /* Frameworks */,
				F1114E721EA8907C00E0DDD0 /* Resources */,
			);
			buildRules = (
			);
			dependencies = (
				F1114E761EA8907C00E0DDD0 /* PBXTargetDependency */,
			);
			name = ScratchScrollTests;
			productName = ScratchScrollTests;
			productReference = F1114E741EA8907C00E0DDD0 /* ScratchScrollTests.xctest */;
			productType = "com.apple.product-type.bundle.unit-test";
		};
/* End PBXNativeTarget section */

/* Begin PBXProject section */
		F1114E581EA8907B00E0DDD0 /* Project object */ = {
			isa = PBXProject;
			attributes = {
				LastSwiftUpdateCheck = 0830;
				LastUpgradeCheck = 0830;
				ORGANIZATIONNAME = "Rose Cottage";
				TargetAttributes = {
					F1114E5F1EA8907B00E0DDD0 = {
						CreatedOnToolsVersion = 8.3.2;
						DevelopmentTeam = 27QRRWZMS6;
						ProvisioningStyle = Automatic;
					};
					F1114E731EA8907C00E0DDD0 = {
						CreatedOnToolsVersion = 8.3.2;
						DevelopmentTeam = 27QRRWZMS6;
						ProvisioningStyle = Automatic;
						TestTargetID = F1114E5F1EA8907B00E0DDD0;
					};
				};
			};
			buildConfigurationList = F1114E5B1EA8907B00E0DDD0 /* Build configuration list for PBXProject "ScratchScroll" */;
			compatibilityVersion = "Xcode 3.2";
			developmentRegion = English;
			hasScannedForEncodings = 0;
			knownRegions = (
				en,
				Base,
			);
			mainGroup = F1114E571EA8907B00E0DDD0;
			productRefGroup = F1114E611EA8907B00E0DDD0 /* Products */;
			projectDirPath = "";
			projectRoot = "";
			targets = (
				F1114E5F1EA8907B00E0DDD0 /* ScratchScroll */,
				F1114E731EA8907C00E0DDD0 /* ScratchScrollTests */,
			);
		};
/* End PBXProject section */

/* Begin PBXResourcesBuildPhase section */
		F1114E5E1EA8907B00E0DDD0 /* Resources */ = {
			isa = PBXResourcesBuildPhase;
			buildActionMask = 2147483647;
			files = (
				F1114E6E1EA8907B00E0DDD0 /* LaunchScreen.storyboard in Resources */,
				F1114E6B1EA8907B00E0DDD0 /* Assets.xcassets in Resources */,
				F1114E691EA8907B00E0DDD0 /* Main.storyboard in Resources */,
			);
			runOnlyForDeploymentPostprocessing = 0;
		};
		F1114E721EA8907C00E0DDD0 /* Resources */ = {
			isa = PBXResourcesBuildPhase;
			buildActionMask = 2147483647;
			files = (
			);
			runOnlyForDeploymentPostprocessing = 0;
		};
/* End PBXResourcesBuildPhase section */

/* Begin PBXSourcesBuildPhase section */
		F1114E5C1EA8907B00E0DDD0 /* Sources */ = {
			isa = PBXSourcesBuildPhase;
			buildActionMask = 2147483647;
			files = (
				F1114E661EA8907B00E0DDD0 /* ViewController.swift in Sources */,
				F1114E641EA8907B00E0DDD0 /* AppDelegate.swift in Sources */,
			);
			runOnlyForDeploymentPostprocessing = 0;
		};
		F1114E701EA8907C00E0DDD0 /* Sources */ = {
			isa = PBXSourcesBuildPhase;
			buildActionMask = 2147483647;
			files = (
				F1114E791EA8907C00E0DDD0 /* ScratchScrollTests.swift in Sources */,
			);
			runOnlyForDeploymentPostprocessing = 0;
		};
/* End PBXSourcesBuildPhase section */

/* Begin PBXTargetDependency section */
		F1114E761EA8907C00E0DDD0 /* PBXTargetDependency */ = {
			isa = PBXTargetDependency;
			target = F1114E5F1EA8907B00E0DDD0 /* ScratchScroll */;
			targetProxy = F1114E751EA8907C00E0DDD0 /* PBXContainerItemProxy */;
		};
/* End PBXTargetDependency section */

/* Begin PBXVariantGroup section */
		F1114E671EA8907B00E0DDD0 /* Main.storyboard */ = {
			isa = PBXVariantGroup;
			children = (
				F1114E681EA8907B00E0DDD0 /* Base */,
			);
			name = Main.storyboard;
			sourceTree = "<group>";
		};
		F1114E6C1EA8907B00E0DDD0 /* LaunchScreen.storyboard */ = {
			isa = PBXVariantGroup;
			children = (
				F1114E6D1EA8907B00E0DDD0 /* Base */,
			);
			name = LaunchScreen.storyboard;
			sourceTree = "<group>";
		};
/* End PBXVariantGroup section */

/* Begin XCBuildConfiguration section */
		F1114E7B1EA8907C00E0DDD0 /* Debug */ = {
			isa = XCBuildConfiguration;
			buildSettings = {
				ALWAYS_SEARCH_USER_PATHS = NO;
				CLANG_ANALYZER_NONNULL = YES;
				CLANG_ANALYZER_NUMBER_OBJECT_CONVERSION = YES_AGGRESSIVE;
				CLANG_CXX_LANGUAGE_STANDARD = "gnu++0x";
				CLANG_CXX_LIBRARY = "libc++";
				CLANG_ENABLE_MODULES = YES;
				CLANG_ENABLE_OBJC_ARC = YES;
				CLANG_WARN_BOOL_CONVERSION = YES;
				CLANG_WARN_CONSTANT_CONVERSION = YES;
				CLANG_WARN_DIRECT_OBJC_ISA_USAGE = YES_ERROR;
				CLANG_WARN_DOCUMENTATION_COMMENTS = YES;
				CLANG_WARN_EMPTY_BODY = YES;
				CLANG_WARN_ENUM_CONVERSION = YES;
				CLANG_WARN_INFINITE_RECURSION = YES;
				CLANG_WARN_INT_CONVERSION = YES;
				CLANG_WARN_OBJC_ROOT_CLASS = YES_ERROR;
				CLANG_WARN_SUSPICIOUS_MOVE = YES;
				CLANG_WARN_UNREACHABLE_CODE = YES;
				CLANG_WARN__DUPLICATE_METHOD_MATCH = YES;
				"CODE_SIGN_IDENTITY[sdk=iphoneos*]" = "iPhone Developer";
				COPY_PHASE_STRIP = NO;
				DEBUG_INFORMATION_FORMAT = dwarf;
				ENABLE_STRICT_OBJC_MSGSEND = YES;
				ENABLE_TESTABILITY = YES;
				GCC_C_LANGUAGE_STANDARD = gnu99;
				GCC_DYNAMIC_NO_PIC = NO;
				GCC_NO_COMMON_BLOCKS = YES;
				GCC_OPTIMIZATION_LEVEL = 0;
				GCC_PREPROCESSOR_DEFINITIONS = (
					"DEBUG=1",
					"$(inherited)",
				);
				GCC_WARN_64_TO_32_BIT_CONVERSION = YES;
				GCC_WARN_ABOUT_RETURN_TYPE = YES_ERROR;
				GCC_WARN_UNDECLARED_SELECTOR = YES;
				GCC_WARN_UNINITIALIZED_AUTOS = YES_AGGRESSIVE;
				GCC_WARN_UNUSED_FUNCTION = YES;
				GCC_WARN_UNUSED_VARIABLE = YES;
				IPHONEOS_DEPLOYMENT_TARGET = 10.3;
				MTL_ENABLE_DEBUG_INFO = YES;
				ONLY_ACTIVE_ARCH = YES;
				SDKROOT = iphoneos;
				SWIFT_ACTIVE_COMPILATION_CONDITIONS = DEBUG;
				SWIFT_OPTIMIZATION_LEVEL = "-Onone";
				TARGETED_DEVICE_FAMILY = "1,2";
			};
			name = Debug;
		};
		F1114E7C1EA8907C00E0DDD0 /* Release */ = {
			isa = XCBuildConfiguration;
			buildSettings = {
				ALWAYS_SEARCH_USER_PATHS = NO;
				CLANG_ANALYZER_NONNULL = YES;
				CLANG_ANALYZER_NUMBER_OBJECT_CONVERSION = YES_AGGRESSIVE;
				CLANG_CXX_LANGUAGE_STANDARD = "gnu++0x";
				CLANG_CXX_LIBRARY = "libc++";
				CLANG_ENABLE_MODULES = YES;
				CLANG_ENABLE_OBJC_ARC = YES;
				CLANG_WARN_BOOL_CONVERSION = YES;
				CLANG_WARN_CONSTANT_CONVERSION = YES;
				CLANG_WARN_DIRECT_OBJC_ISA_USAGE = YES_ERROR;
				CLANG_WARN_DOCUMENTATION_COMMENTS = YES;
				CLANG_WARN_EMPTY_BODY = YES;
				CLANG_WARN_ENUM_CONVERSION = YES;
				CLANG_WARN_INFINITE_RECURSION = YES;
				CLANG_WARN_INT_CONVERSION = YES;
				CLANG_WARN_OBJC_ROOT_CLASS = YES_ERROR;
				CLANG_WARN_SUSPICIOUS_MOVE = YES;
				CLANG_WARN_UNREACHABLE_CODE = YES;
				CLANG_WARN__DUPLICATE_METHOD_MATCH = YES;
				"CODE_SIGN_IDENTITY[sdk=iphoneos*]" = "iPhone Developer";
				COPY_PHASE_STRIP = NO;
				DEBUG_INFORMATION_FORMAT = "dwarf-with-dsym";
				ENABLE_NS_ASSERTIONS = NO;
				ENABLE_STRICT_OBJC_MSGSEND = YES;
				GCC_C_LANGUAGE_STANDARD = gnu99;
				GCC_NO_COMMON_BLOCKS = YES;
				GCC_WARN_64_TO_32_BIT_CONVERSION = YES;
				GCC_WARN_ABOUT_RETURN_TYPE = YES_ERROR;
				GCC_WARN_UNDECLARED_SELECTOR = YES;
				GCC_WARN_UNINITIALIZED_AUTOS = YES_AGGRESSIVE;
				GCC_WARN_UNUSED_FUNCTION = YES;
				GCC_WARN_UNUSED_VARIABLE = YES;
				IPHONEOS_DEPLOYMENT_TARGET = 10.3;
				MTL_ENABLE_DEBUG_INFO = NO;
				SDKROOT = iphoneos;
				SWIFT_OPTIMIZATION_LEVEL = "-Owholemodule";
				TARGETED_DEVICE_FAMILY = "1,2";
				VALIDATE_PRODUCT = YES;
			};
			name = Release;
		};
		F1114E7E1EA8907C00E0DDD0 /* Debug */ = {
			isa = XCBuildConfiguration;
			buildSettings = {
				ASSETCATALOG_COMPILER_APPICON_NAME = AppIcon;
				DEVELOPMENT_TEAM = 27QRRWZMS6;
				INFOPLIST_FILE = ScratchScroll/Info.plist;
				LD_RUNPATH_SEARCH_PATHS = "$(inherited) @executable_path/Frameworks";
				PRODUCT_BUNDLE_IDENTIFIER = com.vjosullivan.ScratchScroll;
				PRODUCT_NAME = "$(TARGET_NAME)";
				SWIFT_VERSION = 3.0;
			};
			name = Debug;
		};
		F1114E7F1EA8907C00E0DDD0 /* Release */ = {
			isa = XCBuildConfiguration;
			buildSettings = {
				ASSETCATALOG_COMPILER_APPICON_NAME = AppIcon;
				DEVELOPMENT_TEAM = 27QRRWZMS6;
				INFOPLIST_FILE = ScratchScroll/Info.plist;
				LD_RUNPATH_SEARCH_PATHS = "$(inherited) @executable_path/Frameworks";
				PRODUCT_BUNDLE_IDENTIFIER = com.vjosullivan.ScratchScroll;
				PRODUCT_NAME = "$(TARGET_NAME)";
				SWIFT_VERSION = 3.0;
			};
			name = Release;
		};
		F1114E811EA8907C00E0DDD0 /* Debug */ = {
			isa = XCBuildConfiguration;
			buildSettings = {
				ALWAYS_EMBED_SWIFT_STANDARD_LIBRARIES = YES;
				BUNDLE_LOADER = "$(TEST_HOST)";
				DEVELOPMENT_TEAM = 27QRRWZMS6;
				INFOPLIST_FILE = ScratchScrollTests/Info.plist;
				LD_RUNPATH_SEARCH_PATHS = "$(inherited) @executable_path/Frameworks @loader_path/Frameworks";
				PRODUCT_BUNDLE_IDENTIFIER = com.vjosullivan.ScratchScrollTests;
				PRODUCT_NAME = "$(TARGET_NAME)";
				SWIFT_VERSION = 3.0;
				TEST_HOST = "$(BUILT_PRODUCTS_DIR)/ScratchScroll.app/ScratchScroll";
			};
			name = Debug;
		};
		F1114E821EA8907C00E0DDD0 /* Release */ = {
			isa = XCBuildConfiguration;
			buildSettings = {
				ALWAYS_EMBED_SWIFT_STANDARD_LIBRARIES = YES;
				BUNDLE_LOADER = "$(TEST_HOST)";
				DEVELOPMENT_TEAM = 27QRRWZMS6;
				INFOPLIST_FILE = ScratchScrollTests/Info.plist;
				LD_RUNPATH_SEARCH_PATHS = "$(inherited) @executable_path/Frameworks @loader_path/Frameworks";
				PRODUCT_BUNDLE_IDENTIFIER = com.vjosullivan.ScratchScrollTests;
				PRODUCT_NAME = "$(TARGET_NAME)";
				SWIFT_VERSION = 3.0;
				TEST_HOST = "$(BUILT_PRODUCTS_DIR)/ScratchScroll.app/ScratchScroll";
			};
			name = Release;
		};
/* End XCBuildConfiguration section */

/* Begin XCConfigurationList section */
		F1114E5B1EA8907B00E0DDD0 /* Build configuration list for PBXProject "ScratchScroll" */ = {
			isa = XCConfigurationList;
			buildConfigurations = (
				F1114E7B1EA8907C00E0DDD0 /* Debug */,
				F1114E7C1EA8907C00E0DDD0 /* Release */,
			);
			defaultConfigurationIsVisible = 0;
			defaultConfigurationName = Release;
		};
		F1114E7D1EA8907C00E0DDD0 /* Build configuration list for PBXNativeTarget "ScratchScroll" */ = {
			isa = XCConfigurationList;
			buildConfigurations = (
				F1114E7E1EA8907C00E0DDD0 /* Debug */,
				F1114E7F1EA8907C00E0DDD0 /* Release */,
			);
			defaultConfigurationIsVisible = 0;
		};
		F1114E801EA8907C00E0DDD0 /* Build configuration list for PBXNativeTarget "ScratchScrollTests" */ = {
			isa = XCConfigurationList;
			buildConfigurations = (
				F1114E811EA8907C00E0DDD0 /* Debug */,
				F1114E821EA8907C00E0DDD0 /* Release */,
			);
			defaultConfigurationIsVisible = 0;
		};
/* End XCConfigurationList section */
	};
	rootObject = F1114E581EA8907B00E0DDD0 /* Project object */;
}
